
Microsoft Visual Studio Solution File, Format Version 12.00
# Visual Studio 15
VisualStudioVersion = 15.0.27130.2010
MinimumVisualStudioVersion = 10.0.40219.1
Project("{FAE04EC0-301F-11D3-BF4B-00C04F79EFBC}") = "valida_AnalisePagamentos", "valida_AnalisePagamentos\valida_AnalisePagamentos.csproj", "{92ED6ECF-2D48-4A22-B931-D149240F3CE7}"
EndProject
Global
	GlobalSection(SolutionConfigurationPlatforms) = preSolution
		Debug|Any CPU = Debug|Any CPU
		Release|Any CPU = Release|Any CPU
	EndGlobalSection
	GlobalSection(ProjectConfigurationPlatforms) = postSolution
		{92ED6ECF-2D48-4A22-B931-D149240F3CE7}.Debug|Any CPU.ActiveCfg = Debug|Any CPU
		{92ED6ECF-2D48-4A22-B931-D149240F3CE7}.Debug|Any CPU.Build.0 = Debug|Any CPU
		{92ED6ECF-2D48-4A22-B931-D149240F3CE7}.Release|Any CPU.ActiveCfg = Release|Any CPU
		{92ED6ECF-2D48-4A22-B931-D149240F3CE7}.Release|Any CPU.Build.0 = Release|Any CPU
		{04383088-63CA-4D6E-A9CD-2C12E7DE662E}.Debug|Any CPU.ActiveCfg = Debug
		{04383088-63CA-4D6E-A9CD-2C12E7DE662E}.Release|Any CPU.ActiveCfg = Release
	EndGlobalSection
	GlobalSection(SolutionProperties) = preSolution
		HideSolutionNode = FALSE
	EndGlobalSection
	GlobalSection(ExtensibilityGlobals) = postSolution
		SolutionGuid = {56251D9B-DFF8-4290-9268-374F136DCDE0}
	EndGlobalSection
EndGlobal
